
Microsoft Visual Studio Solution File, Format Version 12.00
# Visual Studio Version 17
VisualStudioVersion = 17.8.34511.84
MinimumVisualStudioVersion = 10.0.40219.1
Project("{9A19103F-16F7-4668-BE54-9A1E7A4F7556}") = "ChessLibrary", "ChessExample\ChessLibrary.csproj", "{3BFEAA40-B30C-4961-A85C-2397A5BF7B09}"
EndProject
Project("{FAE04EC0-301F-11D3-BF4B-00C04F79EFBC}") = "ChessGame", "ChessGame\ChessGame.csproj", "{04C18D02-E218-4405-B33E-27DCE56ABC8C}"
EndProject
Global
	GlobalSection(SolutionConfigurationPlatforms) = preSolution
		Debug|Any CPU = Debug|Any CPU
		Release|Any CPU = Release|Any CPU
	EndGlobalSection
	GlobalSection(ProjectConfigurationPlatforms) = postSolution
		{3BFEAA40-B30C-4961-A85C-2397A5BF7B09}.Debug|Any CPU.ActiveCfg = Debug|Any CPU
		{3BFEAA40-B30C-4961-A85C-2397A5BF7B09}.Debug|Any CPU.Build.0 = Debug|Any CPU
		{3BFEAA40-B30C-4961-A85C-2397A5BF7B09}.Release|Any CPU.ActiveCfg = Release|Any CPU
		{3BFEAA40-B30C-4961-A85C-2397A5BF7B09}.Release|Any CPU.Build.0 = Release|Any CPU
		{04C18D02-E218-4405-B33E-27DCE56ABC8C}.Debug|Any CPU.ActiveCfg = Debug|Any CPU
		{04C18D02-E218-4405-B33E-27DCE56ABC8C}.Debug|Any CPU.Build.0 = Debug|Any CPU
		{04C18D02-E218-4405-B33E-27DCE56ABC8C}.Release|Any CPU.ActiveCfg = Release|Any CPU
		{04C18D02-E218-4405-B33E-27DCE56ABC8C}.Release|Any CPU.Build.0 = Release|Any CPU
	EndGlobalSection
	GlobalSection(SolutionProperties) = preSolution
		HideSolutionNode = FALSE
	EndGlobalSection
	GlobalSection(ExtensibilityGlobals) = postSolution
		SolutionGuid = {6F408EE9-E5DA-428D-A7B0-B5A6E1CBA373}
	EndGlobalSection
EndGlobal
